
Microsoft Visual Studio Solution File, Format Version 12.00
# Visual Studio Version 17
VisualStudioVersion = 17.3.32901.215
MinimumVisualStudioVersion = 10.0.40219.1
Project("{8BC9CEB8-8B4A-11D0-8D11-00A0C91BC942}") = "SAE_DE_C", "SAE_DE_C\SAE_DE_C.vcxproj", "{F8B01505-765A-48CF-A9A9-EFFCF03FAFDC}"
EndProject
Global
	GlobalSection(SolutionConfigurationPlatforms) = preSolution
		Debug|x64 = Debug|x64
		Debug|x86 = Debug|x86
		Release|x64 = Release|x64
		Release|x86 = Release|x86
	EndGlobalSection
	GlobalSection(ProjectConfigurationPlatforms) = postSolution
		{F8B01505-765A-48CF-A9A9-EFFCF03FAFDC}.Debug|x64.ActiveCfg = Debug|x64
		{F8B01505-765A-48CF-A9A9-EFFCF03FAFDC}.Debug|x64.Build.0 = Debug|x64
		{F8B01505-765A-48CF-A9A9-EFFCF03FAFDC}.Debug|x86.ActiveCfg = Debug|Win32
		{F8B01505-765A-48CF-A9A9-EFFCF03FAFDC}.Debug|x86.Build.0 = Debug|Win32
		{F8B01505-765A-48CF-A9A9-EFFCF03FAFDC}.Release|x64.ActiveCfg = Release|x64
		{F8B01505-765A-48CF-A9A9-EFFCF03FAFDC}.Release|x64.Build.0 = Release|x64
		{F8B01505-765A-48CF-A9A9-EFFCF03FAFDC}.Release|x86.ActiveCfg = Release|Win32
		{F8B01505-765A-48CF-A9A9-EFFCF03FAFDC}.Release|x86.Build.0 = Release|Win32
	EndGlobalSection
	GlobalSection(SolutionProperties) = preSolution
		HideSolutionNode = FALSE
	EndGlobalSection
	GlobalSection(ExtensibilityGlobals) = postSolution
		SolutionGuid = {6A681EBF-CF66-4C2A-9CCF-CB5EC2137AB5}
	EndGlobalSection
EndGlobal
